// !$*UTF8*$!
{
	archiveVersion = 1;
	classes = {
	};
	objectVersion = 55;
	objects = {

/* Begin PBXBuildFile section */
		23549177289B7D190038A305 /* AppDelegate.swift in Sources */ = {isa = PBXBuildFile; fileRef = 23549176289B7D190038A305 /* AppDelegate.swift */; };
		23549179289B7D190038A305 /* SceneDelegate.swift in Sources */ = {isa = PBXBuildFile; fileRef = 23549178289B7D190038A305 /* SceneDelegate.swift */; };
		23549180289B7D190038A305 /* Assets.xcassets in Resources */ = {isa = PBXBuildFile; fileRef = 2354917F289B7D190038A305 /* Assets.xcassets */; };
		23549183289B7D190038A305 /* LaunchScreen.storyboard in Resources */ = {isa = PBXBuildFile; fileRef = 23549181289B7D190038A305 /* LaunchScreen.storyboard */; };
		2354918B289B7D8C0038A305 /* LoginViewController.swift in Sources */ = {isa = PBXBuildFile; fileRef = 2354918A289B7D8C0038A305 /* LoginViewController.swift */; };
		2354918D289B7E8D0038A305 /* HomeMenuController.swift in Sources */ = {isa = PBXBuildFile; fileRef = 2354918C289B7E8D0038A305 /* HomeMenuController.swift */; };
		23549195289B86050038A305 /* LoginFormController.swift in Sources */ = {isa = PBXBuildFile; fileRef = 23549194289B86050038A305 /* LoginFormController.swift */; };
		23549197289B8A5C0038A305 /* UIColor+Ext.swift in Sources */ = {isa = PBXBuildFile; fileRef = 23549196289B8A5C0038A305 /* UIColor+Ext.swift */; };
		2354919E289B8E3B0038A305 /* TinyManager.swift in Sources */ = {isa = PBXBuildFile; fileRef = 2354919D289B8E3B0038A305 /* TinyManager.swift */; };
		235491A2289B8FE50038A305 /* LoginResponse.swift in Sources */ = {isa = PBXBuildFile; fileRef = 235491A1289B8FE50038A305 /* LoginResponse.swift */; };
		235491A7289BA4B20038A305 /* User.swift in Sources */ = {isa = PBXBuildFile; fileRef = 235491A6289BA4B20038A305 /* User.swift */; };
		235491AA289BA81E0038A305 /* HomeMenuController.swift in Sources */ = {isa = PBXBuildFile; fileRef = 2354918C289B7E8D0038A305 /* HomeMenuController.swift */; };
		235491AB289BA81E0038A305 /* LoginViewController.swift in Sources */ = {isa = PBXBuildFile; fileRef = 2354918A289B7D8C0038A305 /* LoginViewController.swift */; };
		235491AC289BA81E0038A305 /* LoginResponse.swift in Sources */ = {isa = PBXBuildFile; fileRef = 235491A1289B8FE50038A305 /* LoginResponse.swift */; };
		235491AD289BA81E0038A305 /* LoginFormController.swift in Sources */ = {isa = PBXBuildFile; fileRef = 23549194289B86050038A305 /* LoginFormController.swift */; };
		235491AE289BA81E0038A305 /* UIColor+Ext.swift in Sources */ = {isa = PBXBuildFile; fileRef = 23549196289B8A5C0038A305 /* UIColor+Ext.swift */; };
		235491AF289BA81E0038A305 /* User.swift in Sources */ = {isa = PBXBuildFile; fileRef = 235491A6289BA4B20038A305 /* User.swift */; };
		235491B0289BA81E0038A305 /* AppDelegate.swift in Sources */ = {isa = PBXBuildFile; fileRef = 23549176289B7D190038A305 /* AppDelegate.swift */; };
		235491B1289BA81E0038A305 /* SceneDelegate.swift in Sources */ = {isa = PBXBuildFile; fileRef = 23549178289B7D190038A305 /* SceneDelegate.swift */; };
		235491B2289BA81E0038A305 /* TinyManager.swift in Sources */ = {isa = PBXBuildFile; fileRef = 2354919D289B8E3B0038A305 /* TinyManager.swift */; };
		235491B5289BA81E0038A305 /* LaunchScreen.storyboard in Resources */ = {isa = PBXBuildFile; fileRef = 23549181289B7D190038A305 /* LaunchScreen.storyboard */; };
		235491B6289BA81E0038A305 /* Assets.xcassets in Resources */ = {isa = PBXBuildFile; fileRef = 2354917F289B7D190038A305 /* Assets.xcassets */; };
		23E3B6B0289C4F64005B9D74 /* LoginTextField.swift in Sources */ = {isa = PBXBuildFile; fileRef = 23E3B6AF289C4F64005B9D74 /* LoginTextField.swift */; };
		23E3B6B1289C4F64005B9D74 /* LoginTextField.swift in Sources */ = {isa = PBXBuildFile; fileRef = 23E3B6AF289C4F64005B9D74 /* LoginTextField.swift */; };
/* End PBXBuildFile section */

/* Begin PBXFileReference section */
		23549173289B7D190038A305 /* Tinytab.app */ = {isa = PBXFileReference; explicitFileType = wrapper.application; includeInIndex = 0; path = Tinytab.app; sourceTree = BUILT_PRODUCTS_DIR; };
		23549176289B7D190038A305 /* AppDelegate.swift */ = {isa = PBXFileReference; lastKnownFileType = sourcecode.swift; path = AppDelegate.swift; sourceTree = "<group>"; };
		23549178289B7D190038A305 /* SceneDelegate.swift */ = {isa = PBXFileReference; lastKnownFileType = sourcecode.swift; path = SceneDelegate.swift; sourceTree = "<group>"; };
		2354917F289B7D190038A305 /* Assets.xcassets */ = {isa = PBXFileReference; lastKnownFileType = folder.assetcatalog; path = Assets.xcassets; sourceTree = "<group>"; };
		23549182289B7D190038A305 /* Base */ = {isa = PBXFileReference; lastKnownFileType = file.storyboard; name = Base; path = Base.lproj/LaunchScreen.storyboard; sourceTree = "<group>"; };
		23549184289B7D190038A305 /* Info.plist */ = {isa = PBXFileReference; lastKnownFileType = text.plist.xml; path = Info.plist; sourceTree = "<group>"; };
		2354918A289B7D8C0038A305 /* LoginViewController.swift */ = {isa = PBXFileReference; lastKnownFileType = sourcecode.swift; path = LoginViewController.swift; sourceTree = "<group>"; };
		2354918C289B7E8D0038A305 /* HomeMenuController.swift */ = {isa = PBXFileReference; lastKnownFileType = sourcecode.swift; path = HomeMenuController.swift; sourceTree = "<group>"; };
		23549194289B86050038A305 /* LoginFormController.swift */ = {isa = PBXFileReference; lastKnownFileType = sourcecode.swift; path = LoginFormController.swift; sourceTree = "<group>"; };
		23549196289B8A5C0038A305 /* UIColor+Ext.swift */ = {isa = PBXFileReference; lastKnownFileType = sourcecode.swift; path = "UIColor+Ext.swift"; sourceTree = "<group>"; };
		2354919D289B8E3B0038A305 /* TinyManager.swift */ = {isa = PBXFileReference; lastKnownFileType = sourcecode.swift; path = TinyManager.swift; sourceTree = "<group>"; };
		235491A1289B8FE50038A305 /* LoginResponse.swift */ = {isa = PBXFileReference; lastKnownFileType = sourcecode.swift; path = LoginResponse.swift; sourceTree = "<group>"; };
		235491A6289BA4B20038A305 /* User.swift */ = {isa = PBXFileReference; lastKnownFileType = sourcecode.swift; path = User.swift; sourceTree = "<group>"; };
		235491BA289BA81E0038A305 /* Tinytab Dev.app */ = {isa = PBXFileReference; explicitFileType = wrapper.application; includeInIndex = 0; path = "Tinytab Dev.app"; sourceTree = BUILT_PRODUCTS_DIR; };
		235491BB289BA81E0038A305 /* Tinytab Dev-Info.plist */ = {isa = PBXFileReference; lastKnownFileType = text.plist.xml; name = "Tinytab Dev-Info.plist"; path = "/Users/arnaldo/Development/ios/projects/square-hack-22/Tinytab/Tinytab Dev-Info.plist"; sourceTree = "<absolute>"; };
		23E3B6AF289C4F64005B9D74 /* LoginTextField.swift */ = {isa = PBXFileReference; lastKnownFileType = sourcecode.swift; path = LoginTextField.swift; sourceTree = "<group>"; };
/* End PBXFileReference section */

/* Begin PBXFrameworksBuildPhase section */
		23549170289B7D190038A305 /* Frameworks */ = {
			isa = PBXFrameworksBuildPhase;
			buildActionMask = 2147483647;
			files = (
			);
			runOnlyForDeploymentPostprocessing = 0;
		};
		235491B3289BA81E0038A305 /* Frameworks */ = {
			isa = PBXFrameworksBuildPhase;
			buildActionMask = 2147483647;
			files = (
			);
			runOnlyForDeploymentPostprocessing = 0;
		};
/* End PBXFrameworksBuildPhase section */

/* Begin PBXGroup section */
		2354916A289B7D190038A305 = {
			isa = PBXGroup;
			children = (
				23549175289B7D190038A305 /* Tinytab */,
				23549174289B7D190038A305 /* Products */,
				235491BB289BA81E0038A305 /* Tinytab Dev-Info.plist */,
			);
			sourceTree = "<group>";
		};
		23549174289B7D190038A305 /* Products */ = {
			isa = PBXGroup;
			children = (
				23549173289B7D190038A305 /* Tinytab.app */,
				235491BA289BA81E0038A305 /* Tinytab Dev.app */,
			);
			name = Products;
			sourceTree = "<group>";
		};
		23549175289B7D190038A305 /* Tinytab */ = {
			isa = PBXGroup;
			children = (
				235491A0289B8FD40038A305 /* Models */,
				2354919C289B8D320038A305 /* Managers */,
				23549199289B8C990038A305 /* Extensions */,
				2354919F289B8F960038A305 /* Home */,
				23549191289B854B0038A305 /* Login */,
				23549176289B7D190038A305 /* AppDelegate.swift */,
				23549178289B7D190038A305 /* SceneDelegate.swift */,
				2354917F289B7D190038A305 /* Assets.xcassets */,
				23549181289B7D190038A305 /* LaunchScreen.storyboard */,
				23549184289B7D190038A305 /* Info.plist */,
			);
			path = Tinytab;
			sourceTree = "<group>";
		};
		23549191289B854B0038A305 /* Login */ = {
			isa = PBXGroup;
			children = (
				23E3B6AE289C4F50005B9D74 /* Views */,
				2354918A289B7D8C0038A305 /* LoginViewController.swift */,
				23549194289B86050038A305 /* LoginFormController.swift */,
			);
			path = Login;
			sourceTree = "<group>";
		};
		23549199289B8C990038A305 /* Extensions */ = {
			isa = PBXGroup;
			children = (
				23549196289B8A5C0038A305 /* UIColor+Ext.swift */,
			);
			path = Extensions;
			sourceTree = "<group>";
		};
		2354919C289B8D320038A305 /* Managers */ = {
			isa = PBXGroup;
			children = (
				2354919D289B8E3B0038A305 /* TinyManager.swift */,
			);
			path = Managers;
			sourceTree = "<group>";
		};
		2354919F289B8F960038A305 /* Home */ = {
			isa = PBXGroup;
			children = (
				2354918C289B7E8D0038A305 /* HomeMenuController.swift */,
			);
			path = Home;
			sourceTree = "<group>";
		};
		235491A0289B8FD40038A305 /* Models */ = {
			isa = PBXGroup;
			children = (
				235491A6289BA4B20038A305 /* User.swift */,
				235491A1289B8FE50038A305 /* LoginResponse.swift */,
			);
			path = Models;
			sourceTree = "<group>";
		};
		23E3B6AE289C4F50005B9D74 /* Views */ = {
			isa = PBXGroup;
			children = (
				23E3B6AF289C4F64005B9D74 /* LoginTextField.swift */,
			);
			path = Views;
			sourceTree = "<group>";
		};
/* End PBXGroup section */

/* Begin PBXNativeTarget section */
		23549172289B7D190038A305 /* Tinytab */ = {
			isa = PBXNativeTarget;
			buildConfigurationList = 23549187289B7D190038A305 /* Build configuration list for PBXNativeTarget "Tinytab" */;
			buildPhases = (
				2354916F289B7D190038A305 /* Sources */,
				23549170289B7D190038A305 /* Frameworks */,
				23549171289B7D190038A305 /* Resources */,
			);
			buildRules = (
			);
			dependencies = (
			);
			name = Tinytab;
			productName = Tinytab;
			productReference = 23549173289B7D190038A305 /* Tinytab.app */;
			productType = "com.apple.product-type.application";
		};
		235491A8289BA81E0038A305 /* Tinytab Dev */ = {
			isa = PBXNativeTarget;
			buildConfigurationList = 235491B7289BA81E0038A305 /* Build configuration list for PBXNativeTarget "Tinytab Dev" */;
			buildPhases = (
				235491A9289BA81E0038A305 /* Sources */,
				235491B3289BA81E0038A305 /* Frameworks */,
				235491B4289BA81E0038A305 /* Resources */,
			);
			buildRules = (
			);
			dependencies = (
			);
			name = "Tinytab Dev";
			productName = Tinytab;
			productReference = 235491BA289BA81E0038A305 /* Tinytab Dev.app */;
			productType = "com.apple.product-type.application";
		};
/* End PBXNativeTarget section */

/* Begin PBXProject section */
		2354916B289B7D190038A305 /* Project object */ = {
			isa = PBXProject;
			attributes = {
				BuildIndependentTargetsInParallel = 1;
				LastSwiftUpdateCheck = 1340;
				LastUpgradeCheck = 1340;
				TargetAttributes = {
					23549172289B7D190038A305 = {
						CreatedOnToolsVersion = 13.4.1;
					};
				};
			};
			buildConfigurationList = 2354916E289B7D190038A305 /* Build configuration list for PBXProject "Tinytab" */;
			compatibilityVersion = "Xcode 13.0";
			developmentRegion = en;
			hasScannedForEncodings = 0;
			knownRegions = (
				en,
				Base,
			);
			mainGroup = 2354916A289B7D190038A305;
			productRefGroup = 23549174289B7D190038A305 /* Products */;
			projectDirPath = "";
			projectRoot = "";
			targets = (
				23549172289B7D190038A305 /* Tinytab */,
				235491A8289BA81E0038A305 /* Tinytab Dev */,
			);
		};
/* End PBXProject section */

/* Begin PBXResourcesBuildPhase section */
		23549171289B7D190038A305 /* Resources */ = {
			isa = PBXResourcesBuildPhase;
			buildActionMask = 2147483647;
			files = (
				23549183289B7D190038A305 /* LaunchScreen.storyboard in Resources */,
				23549180289B7D190038A305 /* Assets.xcassets in Resources */,
			);
			runOnlyForDeploymentPostprocessing = 0;
		};
		235491B4289BA81E0038A305 /* Resources */ = {
			isa = PBXResourcesBuildPhase;
			buildActionMask = 2147483647;
			files = (
				235491B5289BA81E0038A305 /* LaunchScreen.storyboard in Resources */,
				235491B6289BA81E0038A305 /* Assets.xcassets in Resources */,
			);
			runOnlyForDeploymentPostprocessing = 0;
		};
/* End PBXResourcesBuildPhase section */

/* Begin PBXSourcesBuildPhase section */
		2354916F289B7D190038A305 /* Sources */ = {
			isa = PBXSourcesBuildPhase;
			buildActionMask = 2147483647;
			files = (
				2354918D289B7E8D0038A305 /* HomeMenuController.swift in Sources */,
				2354918B289B7D8C0038A305 /* LoginViewController.swift in Sources */,
				235491A2289B8FE50038A305 /* LoginResponse.swift in Sources */,
				23549195289B86050038A305 /* LoginFormController.swift in Sources */,
				23549197289B8A5C0038A305 /* UIColor+Ext.swift in Sources */,
				235491A7289BA4B20038A305 /* User.swift in Sources */,
				23549177289B7D190038A305 /* AppDelegate.swift in Sources */,
				23549179289B7D190038A305 /* SceneDelegate.swift in Sources */,
				2354919E289B8E3B0038A305 /* TinyManager.swift in Sources */,
				23E3B6B0289C4F64005B9D74 /* LoginTextField.swift in Sources */,
			);
			runOnlyForDeploymentPostprocessing = 0;
		};
		235491A9289BA81E0038A305 /* Sources */ = {
			isa = PBXSourcesBuildPhase;
			buildActionMask = 2147483647;
			files = (
				235491AA289BA81E0038A305 /* HomeMenuController.swift in Sources */,
				235491AB289BA81E0038A305 /* LoginViewController.swift in Sources */,
				235491AC289BA81E0038A305 /* LoginResponse.swift in Sources */,
				235491AD289BA81E0038A305 /* LoginFormController.swift in Sources */,
				235491AE289BA81E0038A305 /* UIColor+Ext.swift in Sources */,
				235491AF289BA81E0038A305 /* User.swift in Sources */,
				235491B0289BA81E0038A305 /* AppDelegate.swift in Sources */,
				235491B1289BA81E0038A305 /* SceneDelegate.swift in Sources */,
				235491B2289BA81E0038A305 /* TinyManager.swift in Sources */,
				23E3B6B1289C4F64005B9D74 /* LoginTextField.swift in Sources */,
			);
			runOnlyForDeploymentPostprocessing = 0;
		};
/* End PBXSourcesBuildPhase section */

/* Begin PBXVariantGroup section */
		23549181289B7D190038A305 /* LaunchScreen.storyboard */ = {
			isa = PBXVariantGroup;
			children = (
				23549182289B7D190038A305 /* Base */,
			);
			name = LaunchScreen.storyboard;
			sourceTree = "<group>";
		};
/* End PBXVariantGroup section */

/* Begin XCBuildConfiguration section */
		23549185289B7D190038A305 /* Debug */ = {
			isa = XCBuildConfiguration;
			buildSettings = {
				ALWAYS_SEARCH_USER_PATHS = NO;
				CLANG_ANALYZER_NONNULL = YES;
				CLANG_ANALYZER_NUMBER_OBJECT_CONVERSION = YES_AGGRESSIVE;
				CLANG_CXX_LANGUAGE_STANDARD = "gnu++17";
				CLANG_ENABLE_MODULES = YES;
				CLANG_ENABLE_OBJC_ARC = YES;
				CLANG_ENABLE_OBJC_WEAK = YES;
				CLANG_WARN_BLOCK_CAPTURE_AUTORELEASING = YES;
				CLANG_WARN_BOOL_CONVERSION = YES;
				CLANG_WARN_COMMA = YES;
				CLANG_WARN_CONSTANT_CONVERSION = YES;
				CLANG_WARN_DEPRECATED_OBJC_IMPLEMENTATIONS = YES;
				CLANG_WARN_DIRECT_OBJC_ISA_USAGE = YES_ERROR;
				CLANG_WARN_DOCUMENTATION_COMMENTS = YES;
				CLANG_WARN_EMPTY_BODY = YES;
				CLANG_WARN_ENUM_CONVERSION = YES;
				CLANG_WARN_INFINITE_RECURSION = YES;
				CLANG_WARN_INT_CONVERSION = YES;
				CLANG_WARN_NON_LITERAL_NULL_CONVERSION = YES;
				CLANG_WARN_OBJC_IMPLICIT_RETAIN_SELF = YES;
				CLANG_WARN_OBJC_LITERAL_CONVERSION = YES;
				CLANG_WARN_OBJC_ROOT_CLASS = YES_ERROR;
				CLANG_WARN_QUOTED_INCLUDE_IN_FRAMEWORK_HEADER = YES;
				CLANG_WARN_RANGE_LOOP_ANALYSIS = YES;
				CLANG_WARN_STRICT_PROTOTYPES = YES;
				CLANG_WARN_SUSPICIOUS_MOVE = YES;
				CLANG_WARN_UNGUARDED_AVAILABILITY = YES_AGGRESSIVE;
				CLANG_WARN_UNREACHABLE_CODE = YES;
				CLANG_WARN__DUPLICATE_METHOD_MATCH = YES;
				COPY_PHASE_STRIP = NO;
				DEBUG_INFORMATION_FORMAT = dwarf;
				ENABLE_STRICT_OBJC_MSGSEND = YES;
				ENABLE_TESTABILITY = YES;
				GCC_C_LANGUAGE_STANDARD = gnu11;
				GCC_DYNAMIC_NO_PIC = NO;
				GCC_NO_COMMON_BLOCKS = YES;
				GCC_OPTIMIZATION_LEVEL = 0;
				GCC_PREPROCESSOR_DEFINITIONS = (
					"DEBUG=1",
					"$(inherited)",
				);
				GCC_WARN_64_TO_32_BIT_CONVERSION = YES;
				GCC_WARN_ABOUT_RETURN_TYPE = YES_ERROR;
				GCC_WARN_UNDECLARED_SELECTOR = YES;
				GCC_WARN_UNINITIALIZED_AUTOS = YES_AGGRESSIVE;
				GCC_WARN_UNUSED_FUNCTION = YES;
				GCC_WARN_UNUSED_VARIABLE = YES;
				IPHONEOS_DEPLOYMENT_TARGET = 15.5;
				MTL_ENABLE_DEBUG_INFO = INCLUDE_SOURCE;
				MTL_FAST_MATH = YES;
				ONLY_ACTIVE_ARCH = YES;
				SDKROOT = iphoneos;
				SWIFT_ACTIVE_COMPILATION_CONDITIONS = DEBUG;
				SWIFT_OPTIMIZATION_LEVEL = "-Onone";
			};
			name = Debug;
		};
		23549186289B7D190038A305 /* Release */ = {
			isa = XCBuildConfiguration;
			buildSettings = {
				ALWAYS_SEARCH_USER_PATHS = NO;
				CLANG_ANALYZER_NONNULL = YES;
				CLANG_ANALYZER_NUMBER_OBJECT_CONVERSION = YES_AGGRESSIVE;
				CLANG_CXX_LANGUAGE_STANDARD = "gnu++17";
				CLANG_ENABLE_MODULES = YES;
				CLANG_ENABLE_OBJC_ARC = YES;
				CLANG_ENABLE_OBJC_WEAK = YES;
				CLANG_WARN_BLOCK_CAPTURE_AUTORELEASING = YES;
				CLANG_WARN_BOOL_CONVERSION = YES;
				CLANG_WARN_COMMA = YES;
				CLANG_WARN_CONSTANT_CONVERSION = YES;
				CLANG_WARN_DEPRECATED_OBJC_IMPLEMENTATIONS = YES;
				CLANG_WARN_DIRECT_OBJC_ISA_USAGE = YES_ERROR;
				CLANG_WARN_DOCUMENTATION_COMMENTS = YES;
				CLANG_WARN_EMPTY_BODY = YES;
				CLANG_WARN_ENUM_CONVERSION = YES;
				CLANG_WARN_INFINITE_RECURSION = YES;
				CLANG_WARN_INT_CONVERSION = YES;
				CLANG_WARN_NON_LITERAL_NULL_CONVERSION = YES;
				CLANG_WARN_OBJC_IMPLICIT_RETAIN_SELF = YES;
				CLANG_WARN_OBJC_LITERAL_CONVERSION = YES;
				CLANG_WARN_OBJC_ROOT_CLASS = YES_ERROR;
				CLANG_WARN_QUOTED_INCLUDE_IN_FRAMEWORK_HEADER = YES;
				CLANG_WARN_RANGE_LOOP_ANALYSIS = YES;
				CLANG_WARN_STRICT_PROTOTYPES = YES;
				CLANG_WARN_SUSPICIOUS_MOVE = YES;
				CLANG_WARN_UNGUARDED_AVAILABILITY = YES_AGGRESSIVE;
				CLANG_WARN_UNREACHABLE_CODE = YES;
				CLANG_WARN__DUPLICATE_METHOD_MATCH = YES;
				COPY_PHASE_STRIP = NO;
				DEBUG_INFORMATION_FORMAT = "dwarf-with-dsym";
				ENABLE_NS_ASSERTIONS = NO;
				ENABLE_STRICT_OBJC_MSGSEND = YES;
				GCC_C_LANGUAGE_STANDARD = gnu11;
				GCC_NO_COMMON_BLOCKS = YES;
				GCC_WARN_64_TO_32_BIT_CONVERSION = YES;
				GCC_WARN_ABOUT_RETURN_TYPE = YES_ERROR;
				GCC_WARN_UNDECLARED_SELECTOR = YES;
				GCC_WARN_UNINITIALIZED_AUTOS = YES_AGGRESSIVE;
				GCC_WARN_UNUSED_FUNCTION = YES;
				GCC_WARN_UNUSED_VARIABLE = YES;
				IPHONEOS_DEPLOYMENT_TARGET = 15.5;
				MTL_ENABLE_DEBUG_INFO = NO;
				MTL_FAST_MATH = YES;
				SDKROOT = iphoneos;
				SWIFT_COMPILATION_MODE = wholemodule;
				SWIFT_OPTIMIZATION_LEVEL = "-O";
				VALIDATE_PRODUCT = YES;
			};
			name = Release;
		};
		23549188289B7D190038A305 /* Debug */ = {
			isa = XCBuildConfiguration;
			buildSettings = {
				ASSETCATALOG_COMPILER_APPICON_NAME = AppIcon;
				ASSETCATALOG_COMPILER_GLOBAL_ACCENT_COLOR_NAME = AccentColor;
				CODE_SIGN_STYLE = Automatic;
				CURRENT_PROJECT_VERSION = 1;
				DEVELOPMENT_TEAM = RYK6GDE7V9;
				GENERATE_INFOPLIST_FILE = YES;
				INFOPLIST_FILE = Tinytab/Info.plist;
				INFOPLIST_KEY_UIApplicationSupportsIndirectInputEvents = YES;
				INFOPLIST_KEY_UILaunchStoryboardName = LaunchScreen;
				INFOPLIST_KEY_UISupportedInterfaceOrientations_iPad = "UIInterfaceOrientationPortrait UIInterfaceOrientationPortraitUpsideDown UIInterfaceOrientationLandscapeLeft UIInterfaceOrientationLandscapeRight";
				INFOPLIST_KEY_UISupportedInterfaceOrientations_iPhone = "UIInterfaceOrientationPortrait UIInterfaceOrientationLandscapeLeft UIInterfaceOrientationLandscapeRight";
				LD_RUNPATH_SEARCH_PATHS = (
					"$(inherited)",
					"@executable_path/Frameworks",
				);
				MARKETING_VERSION = 1.0;
				PRODUCT_BUNDLE_IDENTIFIER = com.square.hack.22.femi.rozon.Tinytab;
				PRODUCT_NAME = "$(TARGET_NAME)";
				SWIFT_EMIT_LOC_STRINGS = YES;
				SWIFT_VERSION = 5.0;
				TARGETED_DEVICE_FAMILY = "1,2";
			};
			name = Debug;
		};
		23549189289B7D190038A305 /* Release */ = {
			isa = XCBuildConfiguration;
			buildSettings = {
				ASSETCATALOG_COMPILER_APPICON_NAME = AppIcon;
				ASSETCATALOG_COMPILER_GLOBAL_ACCENT_COLOR_NAME = AccentColor;
				CODE_SIGN_STYLE = Automatic;
				CURRENT_PROJECT_VERSION = 1;
				DEVELOPMENT_TEAM = RYK6GDE7V9;
				GENERATE_INFOPLIST_FILE = YES;
				INFOPLIST_FILE = Tinytab/Info.plist;
				INFOPLIST_KEY_UIApplicationSupportsIndirectInputEvents = YES;
				INFOPLIST_KEY_UILaunchStoryboardName = LaunchScreen;
				INFOPLIST_KEY_UISupportedInterfaceOrientations_iPad = "UIInterfaceOrientationPortrait UIInterfaceOrientationPortraitUpsideDown UIInterfaceOrientationLandscapeLeft UIInterfaceOrientationLandscapeRight";
				INFOPLIST_KEY_UISupportedInterfaceOrientations_iPhone = "UIInterfaceOrientationPortrait UIInterfaceOrientationLandscapeLeft UIInterfaceOrientationLandscapeRight";
				LD_RUNPATH_SEARCH_PATHS = (
					"$(inherited)",
					"@executable_path/Frameworks",
				);
				MARKETING_VERSION = 1.0;
				PRODUCT_BUNDLE_IDENTIFIER = com.square.hack.22.femi.rozon.Tinytab;
				PRODUCT_NAME = "$(TARGET_NAME)";
				SWIFT_EMIT_LOC_STRINGS = YES;
				SWIFT_VERSION = 5.0;
				TARGETED_DEVICE_FAMILY = "1,2";
			};
			name = Release;
		};
		235491B8289BA81E0038A305 /* Debug */ = {
			isa = XCBuildConfiguration;
			buildSettings = {
				ASSETCATALOG_COMPILER_APPICON_NAME = AppIcon;
				ASSETCATALOG_COMPILER_GLOBAL_ACCENT_COLOR_NAME = AccentColor;
				CODE_SIGN_STYLE = Automatic;
				CURRENT_PROJECT_VERSION = 1;
				DEVELOPMENT_TEAM = RYK6GDE7V9;
				GENERATE_INFOPLIST_FILE = YES;
				INFOPLIST_FILE = "Tinytab Dev-Info.plist";
				INFOPLIST_KEY_CFBundleDisplayName = "Tinytab Dev";
				INFOPLIST_KEY_UIApplicationSupportsIndirectInputEvents = YES;
				INFOPLIST_KEY_UILaunchStoryboardName = LaunchScreen;
				INFOPLIST_KEY_UISupportedInterfaceOrientations_iPad = "UIInterfaceOrientationPortrait UIInterfaceOrientationPortraitUpsideDown UIInterfaceOrientationLandscapeLeft UIInterfaceOrientationLandscapeRight";
				INFOPLIST_KEY_UISupportedInterfaceOrientations_iPhone = "UIInterfaceOrientationPortrait UIInterfaceOrientationLandscapeLeft UIInterfaceOrientationLandscapeRight";
				LD_RUNPATH_SEARCH_PATHS = (
					"$(inherited)",
					"@executable_path/Frameworks",
				);
				MARKETING_VERSION = 1.0;
				PRODUCT_BUNDLE_IDENTIFIER = com.square.hack.22.femi.rozon.Tinytab.Dev;
				PRODUCT_NAME = "$(TARGET_NAME)";
				SWIFT_ACTIVE_COMPILATION_CONDITIONS = DEVELOPMENT;
				SWIFT_EMIT_LOC_STRINGS = YES;
				SWIFT_VERSION = 5.0;
				TARGETED_DEVICE_FAMILY = "1,2";
			};
			name = Debug;
		};
		235491B9289BA81E0038A305 /* Release */ = {
			isa = XCBuildConfiguration;
			buildSettings = {
				ASSETCATALOG_COMPILER_APPICON_NAME = AppIcon;
				ASSETCATALOG_COMPILER_GLOBAL_ACCENT_COLOR_NAME = AccentColor;
				CODE_SIGN_STYLE = Automatic;
				CURRENT_PROJECT_VERSION = 1;
				DEVELOPMENT_TEAM = RYK6GDE7V9;
				GENERATE_INFOPLIST_FILE = YES;
				INFOPLIST_FILE = "Tinytab Dev-Info.plist";
				INFOPLIST_KEY_CFBundleDisplayName = "Tinytab Dev";
				INFOPLIST_KEY_UIApplicationSupportsIndirectInputEvents = YES;
				INFOPLIST_KEY_UILaunchStoryboardName = LaunchScreen;
				INFOPLIST_KEY_UISupportedInterfaceOrientations_iPad = "UIInterfaceOrientationPortrait UIInterfaceOrientationPortraitUpsideDown UIInterfaceOrientationLandscapeLeft UIInterfaceOrientationLandscapeRight";
				INFOPLIST_KEY_UISupportedInterfaceOrientations_iPhone = "UIInterfaceOrientationPortrait UIInterfaceOrientationLandscapeLeft UIInterfaceOrientationLandscapeRight";
				LD_RUNPATH_SEARCH_PATHS = (
					"$(inherited)",
					"@executable_path/Frameworks",
				);
				MARKETING_VERSION = 1.0;
				PRODUCT_BUNDLE_IDENTIFIER = com.square.hack.22.femi.rozon.Tinytab.Dev;
				PRODUCT_NAME = "$(TARGET_NAME)";
				SWIFT_EMIT_LOC_STRINGS = YES;
				SWIFT_VERSION = 5.0;
				TARGETED_DEVICE_FAMILY = "1,2";
			};
			name = Release;
		};
/* End XCBuildConfiguration section */

/* Begin XCConfigurationList section */
		2354916E289B7D190038A305 /* Build configuration list for PBXProject "Tinytab" */ = {
			isa = XCConfigurationList;
			buildConfigurations = (
				23549185289B7D190038A305 /* Debug */,
				23549186289B7D190038A305 /* Release */,
			);
			defaultConfigurationIsVisible = 0;
			defaultConfigurationName = Release;
		};
		23549187289B7D190038A305 /* Build configuration list for PBXNativeTarget "Tinytab" */ = {
			isa = XCConfigurationList;
			buildConfigurations = (
				23549188289B7D190038A305 /* Debug */,
				23549189289B7D190038A305 /* Release */,
			);
			defaultConfigurationIsVisible = 0;
			defaultConfigurationName = Release;
		};
		235491B7289BA81E0038A305 /* Build configuration list for PBXNativeTarget "Tinytab Dev" */ = {
			isa = XCConfigurationList;
			buildConfigurations = (
				235491B8289BA81E0038A305 /* Debug */,
				235491B9289BA81E0038A305 /* Release */,
			);
			defaultConfigurationIsVisible = 0;
			defaultConfigurationName = Release;
		};
/* End XCConfigurationList section */
	};
	rootObject = 2354916B289B7D190038A305 /* Project object */;
}
